
Microsoft Visual Studio Solution File, Format Version 12.00
# Visual Studio Version 17
VisualStudioVersion = 17.5.002.0
MinimumVisualStudioVersion = 10.0.40219.1
Project("{9A19103F-16F7-4668-BE54-9A1E7A4F7556}") = "TesteTecnicoCreatus", "TesteTecnicoCreatus.csproj", "{69703FC9-B989-4A07-BF7C-10A289B67358}"
EndProject
Global
	GlobalSection(SolutionConfigurationPlatforms) = preSolution
		Debug|Any CPU = Debug|Any CPU
		Release|Any CPU = Release|Any CPU
	EndGlobalSection
	GlobalSection(ProjectConfigurationPlatforms) = postSolution
		{69703FC9-B989-4A07-BF7C-10A289B67358}.Debug|Any CPU.ActiveCfg = Debug|Any CPU
		{69703FC9-B989-4A07-BF7C-10A289B67358}.Debug|Any CPU.Build.0 = Debug|Any CPU
		{69703FC9-B989-4A07-BF7C-10A289B67358}.Release|Any CPU.ActiveCfg = Release|Any CPU
		{69703FC9-B989-4A07-BF7C-10A289B67358}.Release|Any CPU.Build.0 = Release|Any CPU
	EndGlobalSection
	GlobalSection(SolutionProperties) = preSolution
		HideSolutionNode = FALSE
	EndGlobalSection
	GlobalSection(ExtensibilityGlobals) = postSolution
		SolutionGuid = {21071625-F95E-4BDF-9509-8326F8A35C86}
	EndGlobalSection
EndGlobal
